Microsoft Visual Studio Solution File, Format Version 12.00
# Visual Studio Version 17
VisualStudioVersion = 17.5.33627.172
MinimumVisualStudioVersion = 10.0.40219.1
Project("{9A19103F-16F7-4668-BE54-9A1E7A4F7556}") = "FFXIVBot", "FFXIVBot\FFXIVBot.csproj", "{2965FBF7-7203-4B67-8721-2C69B3A0CC74}"
EndProject
Global
	GlobalSection(SolutionConfigurationPlatforms) = preSolution
		Debug|Any CPU = Debug|Any CPU
		Release|Any CPU = Release|Any CPU
	EndGlobalSection
	GlobalSection(ProjectConfigurationPlatforms) = postSolution
		{2965FBF7-7203-4B67-8721-2C69B3A0CC74}.Debug|Any CPU.ActiveCfg = Debug|Any CPU
		{2965FBF7-7203-4B67-8721-2C69B3A0CC74}.Debug|Any CPU.Build.0 = Debug|Any CPU
		{2965FBF7-7203-4B67-8721-2C69B3A0CC74}.Release|Any CPU.ActiveCfg = Release|Any CPU
		{2965FBF7-7203-4B67-8721-2C69B3A0CC74}.Release|Any CPU.Build.0 = Release|Any CPU
	EndGlobalSection
	GlobalSection(SolutionProperties) = preSolution
		HideSolutionNode = FALSE
	EndGlobalSection
	GlobalSection(ExtensibilityGlobals) = postSolution
		SolutionGuid = {4D1A1051-5441-458A-84B4-867D9120AE25}
	EndGlobalSection
EndGlobal
